
Microsoft Visual Studio Solution File, Format Version 12.00
# Visual Studio Version 17
VisualStudioVersion = 17.11.35327.3
MinimumVisualStudioVersion = 10.0.40219.1
Project("{FAE04EC0-301F-11D3-BF4B-00C04F79EFBC}") = "FormatowanieTekstu", "FormatowanieTekstu\FormatowanieTekstu.csproj", "{C7769532-4CC1-447E-91F1-66147DABDB3B}"
EndProject
Global
	GlobalSection(SolutionConfigurationPlatforms) = preSolution
		Debug|Any CPU = Debug|Any CPU
		Release|Any CPU = Release|Any CPU
	EndGlobalSection
	GlobalSection(ProjectConfigurationPlatforms) = postSolution
		{C7769532-4CC1-447E-91F1-66147DABDB3B}.Debug|Any CPU.ActiveCfg = Debug|Any CPU
		{C7769532-4CC1-447E-91F1-66147DABDB3B}.Debug|Any CPU.Build.0 = Debug|Any CPU
		{C7769532-4CC1-447E-91F1-66147DABDB3B}.Release|Any CPU.ActiveCfg = Release|Any CPU
		{C7769532-4CC1-447E-91F1-66147DABDB3B}.Release|Any CPU.Build.0 = Release|Any CPU
	EndGlobalSection
	GlobalSection(SolutionProperties) = preSolution
		HideSolutionNode = FALSE
	EndGlobalSection
	GlobalSection(ExtensibilityGlobals) = postSolution
		SolutionGuid = {3979D238-F522-41C7-BD4E-621A0CCEE806}
	EndGlobalSection
EndGlobal
